
Microsoft Visual Studio Solution File, Format Version 12.00
# Visual Studio Version 17
VisualStudioVersion = 17.8.34330.188
MinimumVisualStudioVersion = 10.0.40219.1
Project("{8BC9CEB8-8B4A-11D0-8D11-00A0C91BC942}") = "Udemy_Cpp_Section4", "Udemy_Cpp_Section4\Udemy_Cpp_Section4.vcxproj", "{45B01774-0C07-46E4-A32E-0CE093712760}"
EndProject
Project("{8BC9CEB8-8B4A-11D0-8D11-00A0C91BC942}") = "Udemy_Cpp_Section6", "Udemy_Cpp_Section5\Udemy_Cpp_Section5.vcxproj", "{FF8ED7AF-0A46-4157-8BEE-3FB576B7498C}"
EndProject
Project("{8BC9CEB8-8B4A-11D0-8D11-00A0C91BC942}") = "Udemy_Cpp_Section7", "Udemy_Cpp_Section7\Udemy_Cpp_Section7.vcxproj", "{66FD9AD5-2780-4E06-B406-2266750A5CC6}"
EndProject
Project("{8BC9CEB8-8B4A-11D0-8D11-00A0C91BC942}") = "Udemy_Cpp_Section8", "Udemy_Cpp_Section8\Udemy_Cpp_Section8.vcxproj", "{EA1D7CE2-3BDA-4F37-A331-E03DB76CDF5D}"
EndProject
Project("{8BC9CEB8-8B4A-11D0-8D11-00A0C91BC942}") = "While-loop", "While-loop\While-loop.vcxproj", "{AD43E584-FB52-426B-BBE8-75477E03B8ED}"
EndProject
Project("{8BC9CEB8-8B4A-11D0-8D11-00A0C91BC942}") = "Udemy_Cpp_Section9", "Udemy_Cpp_Section9\Udemy_Cpp_Section9.vcxproj", "{3D628DC4-6A7D-4B63-82A0-EAD7F5D2EF75}"
EndProject
Project("{8BC9CEB8-8B4A-11D0-8D11-00A0C91BC942}") = "Udemy_Cpp_Section10", "Udemy_Cpp_Section10\Udemy_Cpp_Section10.vcxproj", "{83D0E355-66E3-4B26-83B0-F518C57BD63D}"
EndProject
Project("{8BC9CEB8-8B4A-11D0-8D11-00A0C91BC942}") = "Letter_Pyramid", "Letter_Pyramid\Letter_Pyramid.vcxproj", "{38678798-6B41-4AC5-8592-52D1C41D59CD}"
EndProject
Project("{8BC9CEB8-8B4A-11D0-8D11-00A0C91BC942}") = "Udemy_Cpp_Section12", "Udemy_Cpp_Section12\Udemy_Cpp_Section12.vcxproj", "{1B800AAD-1574-4845-BF08-25CC7DEDA823}"
EndProject
Project("{8BC9CEB8-8B4A-11D0-8D11-00A0C91BC942}") = "Udemy_Cpp_Section13", "Udemy_Cpp_Section13\Udemy_Cpp_Section13.vcxproj", "{7AF2B55D-AFE3-42F2-8E72-0416B6D09BED}"
EndProject
Global
	GlobalSection(SolutionConfigurationPlatforms) = preSolution
		Debug|x64 = Debug|x64
		Debug|x86 = Debug|x86
		Release|x64 = Release|x64
		Release|x86 = Release|x86
	EndGlobalSection
	GlobalSection(ProjectConfigurationPlatforms) = postSolution
		{45B01774-0C07-46E4-A32E-0CE093712760}.Debug|x64.ActiveCfg = Debug|x64
		{45B01774-0C07-46E4-A32E-0CE093712760}.Debug|x64.Build.0 = Debug|x64
		{45B01774-0C07-46E4-A32E-0CE093712760}.Debug|x86.ActiveCfg = Debug|Win32
		{45B01774-0C07-46E4-A32E-0CE093712760}.Debug|x86.Build.0 = Debug|Win32
		{45B01774-0C07-46E4-A32E-0CE093712760}.Release|x64.ActiveCfg = Release|x64
		{45B01774-0C07-46E4-A32E-0CE093712760}.Release|x64.Build.0 = Release|x64
		{45B01774-0C07-46E4-A32E-0CE093712760}.Release|x86.ActiveCfg = Release|Win32
		{45B01774-0C07-46E4-A32E-0CE093712760}.Release|x86.Build.0 = Release|Win32
		{FF8ED7AF-0A46-4157-8BEE-3FB576B7498C}.Debug|x64.ActiveCfg = Debug|x64
		{FF8ED7AF-0A46-4157-8BEE-3FB576B7498C}.Debug|x64.Build.0 = Debug|x64
		{FF8ED7AF-0A46-4157-8BEE-3FB576B7498C}.Debug|x86.ActiveCfg = Debug|Win32
		{FF8ED7AF-0A46-4157-8BEE-3FB576B7498C}.Debug|x86.Build.0 = Debug|Win32
		{FF8ED7AF-0A46-4157-8BEE-3FB576B7498C}.Release|x64.ActiveCfg = Release|x64
		{FF8ED7AF-0A46-4157-8BEE-3FB576B7498C}.Release|x64.Build.0 = Release|x64
		{FF8ED7AF-0A46-4157-8BEE-3FB576B7498C}.Release|x86.ActiveCfg = Release|Win32
		{FF8ED7AF-0A46-4157-8BEE-3FB576B7498C}.Release|x86.Build.0 = Release|Win32
		{66FD9AD5-2780-4E06-B406-2266750A5CC6}.Debug|x64.ActiveCfg = Debug|x64
		{66FD9AD5-2780-4E06-B406-2266750A5CC6}.Debug|x64.Build.0 = Debug|x64
		{66FD9AD5-2780-4E06-B406-2266750A5CC6}.Debug|x86.ActiveCfg = Debug|Win32
		{66FD9AD5-2780-4E06-B406-2266750A5CC6}.Debug|x86.Build.0 = Debug|Win32
		{66FD9AD5-2780-4E06-B406-2266750A5CC6}.Release|x64.ActiveCfg = Release|x64
		{66FD9AD5-2780-4E06-B406-2266750A5CC6}.Release|x64.Build.0 = Release|x64
		{66FD9AD5-2780-4E06-B406-2266750A5CC6}.Release|x86.ActiveCfg = Release|Win32
		{66FD9AD5-2780-4E06-B406-2266750A5CC6}.Release|x86.Build.0 = Release|Win32
		{EA1D7CE2-3BDA-4F37-A331-E03DB76CDF5D}.Debug|x64.ActiveCfg = Debug|x64
		{EA1D7CE2-3BDA-4F37-A331-E03DB76CDF5D}.Debug|x64.Build.0 = Debug|x64
		{EA1D7CE2-3BDA-4F37-A331-E03DB76CDF5D}.Debug|x86.ActiveCfg = Debug|Win32
		{EA1D7CE2-3BDA-4F37-A331-E03DB76CDF5D}.Debug|x86.Build.0 = Debug|Win32
		{EA1D7CE2-3BDA-4F37-A331-E03DB76CDF5D}.Release|x64.ActiveCfg = Release|x64
		{EA1D7CE2-3BDA-4F37-A331-E03DB76CDF5D}.Release|x64.Build.0 = Release|x64
		{EA1D7CE2-3BDA-4F37-A331-E03DB76CDF5D}.Release|x86.ActiveCfg = Release|Win32
		{EA1D7CE2-3BDA-4F37-A331-E03DB76CDF5D}.Release|x86.Build.0 = Release|Win32
		{AD43E584-FB52-426B-BBE8-75477E03B8ED}.Debug|x64.ActiveCfg = Debug|x64
		{AD43E584-FB52-426B-BBE8-75477E03B8ED}.Debug|x64.Build.0 = Debug|x64
		{AD43E584-FB52-426B-BBE8-75477E03B8ED}.Debug|x86.ActiveCfg = Debug|Win32
		{AD43E584-FB52-426B-BBE8-75477E03B8ED}.Debug|x86.Build.0 = Debug|Win32
		{AD43E584-FB52-426B-BBE8-75477E03B8ED}.Release|x64.ActiveCfg = Release|x64
		{AD43E584-FB52-426B-BBE8-75477E03B8ED}.Release|x64.Build.0 = Release|x64
		{AD43E584-FB52-426B-BBE8-75477E03B8ED}.Release|x86.ActiveCfg = Release|Win32
		{AD43E584-FB52-426B-BBE8-75477E03B8ED}.Release|x86.Build.0 = Release|Win32
		{3D628DC4-6A7D-4B63-82A0-EAD7F5D2EF75}.Debug|x64.ActiveCfg = Debug|x64
		{3D628DC4-6A7D-4B63-82A0-EAD7F5D2EF75}.Debug|x64.Build.0 = Debug|x64
		{3D628DC4-6A7D-4B63-82A0-EAD7F5D2EF75}.Debug|x86.ActiveCfg = Debug|Win32
		{3D628DC4-6A7D-4B63-82A0-EAD7F5D2EF75}.Debug|x86.Build.0 = Debug|Win32
		{3D628DC4-6A7D-4B63-82A0-EAD7F5D2EF75}.Release|x64.ActiveCfg = Release|x64
		{3D628DC4-6A7D-4B63-82A0-EAD7F5D2EF75}.Release|x64.Build.0 = Release|x64
		{3D628DC4-6A7D-4B63-82A0-EAD7F5D2EF75}.Release|x86.ActiveCfg = Release|Win32
		{3D628DC4-6A7D-4B63-82A0-EAD7F5D2EF75}.Release|x86.Build.0 = Release|Win32
		{83D0E355-66E3-4B26-83B0-F518C57BD63D}.Debug|x64.ActiveCfg = Debug|x64
		{83D0E355-66E3-4B26-83B0-F518C57BD63D}.Debug|x64.Build.0 = Debug|x64
		{83D0E355-66E3-4B26-83B0-F518C57BD63D}.Debug|x86.ActiveCfg = Debug|Win32
		{83D0E355-66E3-4B26-83B0-F518C57BD63D}.Debug|x86.Build.0 = Debug|Win32
		{83D0E355-66E3-4B26-83B0-F518C57BD63D}.Release|x64.ActiveCfg = Release|x64
		{83D0E355-66E3-4B26-83B0-F518C57BD63D}.Release|x64.Build.0 = Release|x64
		{83D0E355-66E3-4B26-83B0-F518C57BD63D}.Release|x86.ActiveCfg = Release|Win32
		{83D0E355-66E3-4B26-83B0-F518C57BD63D}.Release|x86.Build.0 = Release|Win32
		{38678798-6B41-4AC5-8592-52D1C41D59CD}.Debug|x64.ActiveCfg = Debug|x64
		{38678798-6B41-4AC5-8592-52D1C41D59CD}.Debug|x64.Build.0 = Debug|x64
		{38678798-6B41-4AC5-8592-52D1C41D59CD}.Debug|x86.ActiveCfg = Debug|Win32
		{38678798-6B41-4AC5-8592-52D1C41D59CD}.Debug|x86.Build.0 = Debug|Win32
		{38678798-6B41-4AC5-8592-52D1C41D59CD}.Release|x64.ActiveCfg = Release|x64
		{38678798-6B41-4AC5-8592-52D1C41D59CD}.Release|x64.Build.0 = Release|x64
		{38678798-6B41-4AC5-8592-52D1C41D59CD}.Release|x86.ActiveCfg = Release|Win32
		{38678798-6B41-4AC5-8592-52D1C41D59CD}.Release|x86.Build.0 = Release|Win32
		{1B800AAD-1574-4845-BF08-25CC7DEDA823}.Debug|x64.ActiveCfg = Debug|x64
		{1B800AAD-1574-4845-BF08-25CC7DEDA823}.Debug|x64.Build.0 = Debug|x64
		{1B800AAD-1574-4845-BF08-25CC7DEDA823}.Debug|x86.ActiveCfg = Debug|Win32
		{1B800AAD-1574-4845-BF08-25CC7DEDA823}.Debug|x86.Build.0 = Debug|Win32
		{1B800AAD-1574-4845-BF08-25CC7DEDA823}.Release|x64.ActiveCfg = Release|x64
		{1B800AAD-1574-4845-BF08-25CC7DEDA823}.Release|x64.Build.0 = Release|x64
		{1B800AAD-1574-4845-BF08-25CC7DEDA823}.Release|x86.ActiveCfg = Release|Win32
		{1B800AAD-1574-4845-BF08-25CC7DEDA823}.Release|x86.Build.0 = Release|Win32
		{7AF2B55D-AFE3-42F2-8E72-0416B6D09BED}.Debug|x64.ActiveCfg = Debug|x64
		{7AF2B55D-AFE3-42F2-8E72-0416B6D09BED}.Debug|x64.Build.0 = Debug|x64
		{7AF2B55D-AFE3-42F2-8E72-0416B6D09BED}.Debug|x86.ActiveCfg = Debug|Win32
		{7AF2B55D-AFE3-42F2-8E72-0416B6D09BED}.Debug|x86.Build.0 = Debug|Win32
		{7AF2B55D-AFE3-42F2-8E72-0416B6D09BED}.Release|x64.ActiveCfg = Release|x64
		{7AF2B55D-AFE3-42F2-8E72-0416B6D09BED}.Release|x64.Build.0 = Release|x64
		{7AF2B55D-AFE3-42F2-8E72-0416B6D09BED}.Release|x86.ActiveCfg = Release|Win32
		{7AF2B55D-AFE3-42F2-8E72-0416B6D09BED}.Release|x86.Build.0 = Release|Win32
	EndGlobalSection
	GlobalSection(SolutionProperties) = preSolution
		HideSolutionNode = FALSE
	EndGlobalSection
	GlobalSection(ExtensibilityGlobals) = postSolution
		SolutionGuid = {4053CBF2-2FC4-47EE-97AC-A378888A49D0}
	EndGlobalSection
EndGlobal
