
Microsoft Visual Studio Solution File, Format Version 12.00
# Visual Studio Version 17
VisualStudioVersion = 17.8.34330.188
MinimumVisualStudioVersion = 10.0.40219.1
Project("{8BC9CEB8-8B4A-11D0-8D11-00A0C91BC942}") = "Subiecte_Bac", "Subiecte_Bac\Subiecte_Bac.vcxproj", "{2192C5FA-310D-4553-A0C0-1CB76F36A80B}"
EndProject
Global
	GlobalSection(SolutionConfigurationPlatforms) = preSolution
		Debug|x64 = Debug|x64
		Debug|x86 = Debug|x86
		Release|x64 = Release|x64
		Release|x86 = Release|x86
	EndGlobalSection
	GlobalSection(ProjectConfigurationPlatforms) = postSolution
		{2192C5FA-310D-4553-A0C0-1CB76F36A80B}.Debug|x64.ActiveCfg = Debug|x64
		{2192C5FA-310D-4553-A0C0-1CB76F36A80B}.Debug|x64.Build.0 = Debug|x64
		{2192C5FA-310D-4553-A0C0-1CB76F36A80B}.Debug|x86.ActiveCfg = Debug|Win32
		{2192C5FA-310D-4553-A0C0-1CB76F36A80B}.Debug|x86.Build.0 = Debug|Win32
		{2192C5FA-310D-4553-A0C0-1CB76F36A80B}.Release|x64.ActiveCfg = Release|x64
		{2192C5FA-310D-4553-A0C0-1CB76F36A80B}.Release|x64.Build.0 = Release|x64
		{2192C5FA-310D-4553-A0C0-1CB76F36A80B}.Release|x86.ActiveCfg = Release|Win32
		{2192C5FA-310D-4553-A0C0-1CB76F36A80B}.Release|x86.Build.0 = Release|Win32
	EndGlobalSection
	GlobalSection(SolutionProperties) = preSolution
		HideSolutionNode = FALSE
	EndGlobalSection
	GlobalSection(ExtensibilityGlobals) = postSolution
		SolutionGuid = {11528E0A-0E64-4598-AE07-3CBB8D25A347}
	EndGlobalSection
EndGlobal
